
Microsoft Visual Studio Solution File, Format Version 12.00
# Visual Studio Version 16
VisualStudioVersion = 16.0.31613.86
MinimumVisualStudioVersion = 10.0.40219.1
Project("{FAE04EC0-301F-11D3-BF4B-00C04F79EFBC}") = "sprint1yuvi", "sprint1yuvi\sprint1yuvi.csproj", "{4EEF0FFE-AAF9-4526-A149-4DB2B83215E0}"
EndProject
Global
	GlobalSection(SolutionConfigurationPlatforms) = preSolution
		Debug|Any CPU = Debug|Any CPU
		Release|Any CPU = Release|Any CPU
	EndGlobalSection
	GlobalSection(ProjectConfigurationPlatforms) = postSolution
		{4EEF0FFE-AAF9-4526-A149-4DB2B83215E0}.Debug|Any CPU.ActiveCfg = Debug|Any CPU
		{4EEF0FFE-AAF9-4526-A149-4DB2B83215E0}.Debug|Any CPU.Build.0 = Debug|Any CPU
		{4EEF0FFE-AAF9-4526-A149-4DB2B83215E0}.Release|Any CPU.ActiveCfg = Release|Any CPU
		{4EEF0FFE-AAF9-4526-A149-4DB2B83215E0}.Release|Any CPU.Build.0 = Release|Any CPU
	EndGlobalSection
	GlobalSection(SolutionProperties) = preSolution
		HideSolutionNode = FALSE
	EndGlobalSection
	GlobalSection(ExtensibilityGlobals) = postSolution
		SolutionGuid = {C76F8393-4820-4B38-B9EB-7568D4113466}
	EndGlobalSection
EndGlobal
